<?xml version="1.0" encoding="UTF-8" standalone="yes" ?>
<CodeBlocks_project_file>
	<FileVersion major="1" minor="6" />
	<Project>
		<Option title="newtonsapple" />
		<Option pch_mode="2" />
		<Option compiler="gcc" />
		<Build>
			<Target title="Release">
				<Option output="newtonsapple" prefix_auto="1" extension_auto="1" />
				<Option type="1" />
				<Option compiler="gcc" />
				<Compiler>
					<Add option="-g" />
					<Add directory="include\portaudio" />
					<Add directory="include\allegro" />
				</Compiler>
				<Linker>
					<Add library="lib\liballegro_image-5.0.7-static-mt.a" />
					<Add library="lib\liballegro_ttf-5.0.7-static-mt.a" />
					<Add library="lib\liballegro-5.0.7-static-mt.a" />
					<Add library="lib\liballegro_font-5.0.7-static-mt.a" />
					<Add library="lib\liballegro_memfile-5.0.7-static-mt.a" />
					<Add library="lib\libportaudio.a" />
					<Add library="lib\libgdi32.a" />
					<Add library="lib\libgdiplus.a" />
					<Add library="lib\libopengl32.a" />
					<Add library="lib\libfreetype-2.4.8-static-mt.a" />
					<Add library="lib\libwinmm.a" />
					<Add library="lib\libuuid.a" />
					<Add library="lib\libole32.a" />
					<Add library="lib\libshlwapi.a" />
					<Add library="lib\libpsapi.a" />
				</Linker>
			</Target>
		</Build>
		<Compiler>
			<Add option="-Wall" />
		</Compiler>
		<Unit filename="audio.c">
			<Option compilerVar="CC" />
		</Unit>
		<Unit filename="audio.h" />
		<Unit filename="globals.h" />
		<Unit filename="graphics.c">
			<Option compilerVar="CC" />
		</Unit>
		<Unit filename="graphics.h" />
		<Unit filename="main.c">
			<Option compilerVar="CC" />
		</Unit>
		<Unit filename="object_init.c">
			<Option compilerVar="CC" />
		</Unit>
		<Unit filename="object_init.h" />
		<Unit filename="physics.c">
			<Option compilerVar="CC" />
		</Unit>
		<Unit filename="physics.h" />
		<Unit filename="resources.c">
			<Option compilerVar="CC" />
		</Unit>
		<Unit filename="resources.h" />
		<Unit filename="scenes.c">
			<Option compilerVar="CC" />
		</Unit>
		<Unit filename="scenes.h" />
		<Unit filename="tick.c">
			<Option compilerVar="CC" />
		</Unit>
		<Unit filename="tick.h" />
		<Unit filename="utilities.c">
			<Option compilerVar="CC" />
		</Unit>
		<Unit filename="utilities.h" />
		<Extensions>
			<code_completion />
			<debugger />
		</Extensions>
	</Project>
</CodeBlocks_project_file>
